
Microsoft Visual Studio Solution File, Format Version 12.00
# Visual Studio Version 16
VisualStudioVersion = 16.0.29806.167
MinimumVisualStudioVersion = 10.0.40219.1
Project("{FAE04EC0-301F-11D3-BF4B-00C04F79EFBC}") = "App1.UWP", "App1\App1.UWP\App1.UWP.csproj", "{99E47ACD-F79F-4A83-9E31-B05895E3F369}"
EndProject
Project("{FAE04EC0-301F-11D3-BF4B-00C04F79EFBC}") = "App1.Android", "App1\App1.Android\App1.Android.csproj", "{D31FBB12-E02B-48D8-8D7C-E416B2C069D9}"
EndProject
Project("{FAE04EC0-301F-11D3-BF4B-00C04F79EFBC}") = "App1.iOS", "App1\App1.iOS\App1.iOS.csproj", "{E544D86B-4630-4F60-ABDB-9F97F7AB5D38}"
EndProject
Project("{9A19103F-16F7-4668-BE54-9A1E7A4F7556}") = "App1", "App1\App1\App1.csproj", "{5F4DF1AB-AA96-4381-A9E9-8FFD830B488F}"
EndProject
Global
	GlobalSection(SolutionConfigurationPlatforms) = preSolution
		Debug|Any CPU = Debug|Any CPU
		Debug|ARM = Debug|ARM
		Debug|iPhone = Debug|iPhone
		Debug|iPhoneSimulator = Debug|iPhoneSimulator
		Debug|x64 = Debug|x64
		Debug|x86 = Debug|x86
		Release|Any CPU = Release|Any CPU
		Release|ARM = Release|ARM
		Release|iPhone = Release|iPhone
		Release|iPhoneSimulator = Release|iPhoneSimulator
		Release|x64 = Release|x64
		Release|x86 = Release|x86
	EndGlobalSection
	GlobalSection(ProjectConfigurationPlatforms) = postSolution
		{99E47ACD-F79F-4A83-9E31-B05895E3F369}.Debug|Any CPU.ActiveCfg = Debug|x86
		{99E47ACD-F79F-4A83-9E31-B05895E3F369}.Debug|Any CPU.Build.0 = Debug|x86
		{99E47ACD-F79F-4A83-9E31-B05895E3F369}.Debug|Any CPU.Deploy.0 = Debug|x86
		{99E47ACD-F79F-4A83-9E31-B05895E3F369}.Debug|ARM.ActiveCfg = Debug|ARM
		{99E47ACD-F79F-4A83-9E31-B05895E3F369}.Debug|ARM.Build.0 = Debug|ARM
		{99E47ACD-F79F-4A83-9E31-B05895E3F369}.Debug|ARM.Deploy.0 = Debug|ARM
		{99E47ACD-F79F-4A83-9E31-B05895E3F369}.Debug|iPhone.ActiveCfg = Debug|x86
		{99E47ACD-F79F-4A83-9E31-B05895E3F369}.Debug|iPhone.Build.0 = Debug|x86
		{99E47ACD-F79F-4A83-9E31-B05895E3F369}.Debug|iPhone.Deploy.0 = Debug|x86
		{99E47ACD-F79F-4A83-9E31-B05895E3F369}.Debug|iPhoneSimulator.ActiveCfg = Debug|x86
		{99E47ACD-F79F-4A83-9E31-B05895E3F369}.Debug|iPhoneSimulator.Build.0 = Debug|x86
		{99E47ACD-F79F-4A83-9E31-B05895E3F369}.Debug|iPhoneSimulator.Deploy.0 = Debug|x86
		{99E47ACD-F79F-4A83-9E31-B05895E3F369}.Debug|x64.ActiveCfg = Debug|x64
		{99E47ACD-F79F-4A83-9E31-B05895E3F369}.Debug|x64.Build.0 = Debug|x64
		{99E47ACD-F79F-4A83-9E31-B05895E3F369}.Debug|x64.Deploy.0 = Debug|x64
		{99E47ACD-F79F-4A83-9E31-B05895E3F369}.Debug|x86.ActiveCfg = Debug|x86
		{99E47ACD-F79F-4A83-9E31-B05895E3F369}.Debug|x86.Build.0 = Debug|x86
		{99E47ACD-F79F-4A83-9E31-B05895E3F369}.Debug|x86.Deploy.0 = Debug|x86
		{99E47ACD-F79F-4A83-9E31-B05895E3F369}.Release|Any CPU.ActiveCfg = Release|x86
		{99E47ACD-F79F-4A83-9E31-B05895E3F369}.Release|Any CPU.Build.0 = Release|x86
		{99E47ACD-F79F-4A83-9E31-B05895E3F369}.Release|Any CPU.Deploy.0 = Release|x86
		{99E47ACD-F79F-4A83-9E31-B05895E3F369}.Release|ARM.ActiveCfg = Release|ARM
		{99E47ACD-F79F-4A83-9E31-B05895E3F369}.Release|ARM.Build.0 = Release|ARM
		{99E47ACD-F79F-4A83-9E31-B05895E3F369}.Release|ARM.Deploy.0 = Release|ARM
		{99E47ACD-F79F-4A83-9E31-B05895E3F369}.Release|iPhone.ActiveCfg = Release|x86
		{99E47ACD-F79F-4A83-9E31-B05895E3F369}.Release|iPhone.Build.0 = Release|x86
		{99E47ACD-F79F-4A83-9E31-B05895E3F369}.Release|iPhone.Deploy.0 = Release|x86
		{99E47ACD-F79F-4A83-9E31-B05895E3F369}.Release|iPhoneSimulator.ActiveCfg = Release|x86
		{99E47ACD-F79F-4A83-9E31-B05895E3F369}.Release|iPhoneSimulator.Build.0 = Release|x86
		{99E47ACD-F79F-4A83-9E31-B05895E3F369}.Release|iPhoneSimulator.Deploy.0 = Release|x86
		{99E47ACD-F79F-4A83-9E31-B05895E3F369}.Release|x64.ActiveCfg = Release|x64
		{99E47ACD-F79F-4A83-9E31-B05895E3F369}.Release|x64.Build.0 = Release|x64
		{99E47ACD-F79F-4A83-9E31-B05895E3F369}.Release|x64.Deploy.0 = Release|x64
		{99E47ACD-F79F-4A83-9E31-B05895E3F369}.Release|x86.ActiveCfg = Release|x86
		{99E47ACD-F79F-4A83-9E31-B05895E3F369}.Release|x86.Build.0 = Release|x86
		{99E47ACD-F79F-4A83-9E31-B05895E3F369}.Release|x86.Deploy.0 = Release|x86
		{D31FBB12-E02B-48D8-8D7C-E416B2C069D9}.Debug|Any CPU.ActiveCfg = Debug|Any CPU
		{D31FBB12-E02B-48D8-8D7C-E416B2C069D9}.Debug|Any CPU.Build.0 = Debug|Any CPU
		{D31FBB12-E02B-48D8-8D7C-E416B2C069D9}.Debug|Any CPU.Deploy.0 = Debug|Any CPU
		{D31FBB12-E02B-48D8-8D7C-E416B2C069D9}.Debug|ARM.ActiveCfg = Debug|Any CPU
		{D31FBB12-E02B-48D8-8D7C-E416B2C069D9}.Debug|ARM.Build.0 = Debug|Any CPU
		{D31FBB12-E02B-48D8-8D7C-E416B2C069D9}.Debug|ARM.Deploy.0 = Debug|Any CPU
		{D31FBB12-E02B-48D8-8D7C-E416B2C069D9}.Debug|iPhone.ActiveCfg = Debug|Any CPU
		{D31FBB12-E02B-48D8-8D7C-E416B2C069D9}.Debug|iPhone.Build.0 = Debug|Any CPU
		{D31FBB12-E02B-48D8-8D7C-E416B2C069D9}.Debug|iPhone.Deploy.0 = Debug|Any CPU
		{D31FBB12-E02B-48D8-8D7C-E416B2C069D9}.Debug|iPhoneSimulator.ActiveCfg = Debug|Any CPU
		{D31FBB12-E02B-48D8-8D7C-E416B2C069D9}.Debug|iPhoneSimulator.Build.0 = Debug|Any CPU
		{D31FBB12-E02B-48D8-8D7C-E416B2C069D9}.Debug|iPhoneSimulator.Deploy.0 = Debug|Any CPU
		{D31FBB12-E02B-48D8-8D7C-E416B2C069D9}.Debug|x64.ActiveCfg = Debug|Any CPU
		{D31FBB12-E02B-48D8-8D7C-E416B2C069D9}.Debug|x64.Build.0 = Debug|Any CPU
		{D31FBB12-E02B-48D8-8D7C-E416B2C069D9}.Debug|x64.Deploy.0 = Debug|Any CPU
		{D31FBB12-E02B-48D8-8D7C-E416B2C069D9}.Debug|x86.ActiveCfg = Debug|Any CPU
		{D31FBB12-E02B-48D8-8D7C-E416B2C069D9}.Debug|x86.Build.0 = Debug|Any CPU
		{D31FBB12-E02B-48D8-8D7C-E416B2C069D9}.Debug|x86.Deploy.0 = Debug|Any CPU
		{D31FBB12-E02B-48D8-8D7C-E416B2C069D9}.Release|Any CPU.ActiveCfg = Release|Any CPU
		{D31FBB12-E02B-48D8-8D7C-E416B2C069D9}.Release|Any CPU.Build.0 = Release|Any CPU
		{D31FBB12-E02B-48D8-8D7C-E416B2C069D9}.Release|Any CPU.Deploy.0 = Release|Any CPU
		{D31FBB12-E02B-48D8-8D7C-E416B2C069D9}.Release|ARM.ActiveCfg = Release|Any CPU
		{D31FBB12-E02B-48D8-8D7C-E416B2C069D9}.Release|ARM.Build.0 = Release|Any CPU
		{D31FBB12-E02B-48D8-8D7C-E416B2C069D9}.Release|ARM.Deploy.0 = Release|Any CPU
		{D31FBB12-E02B-48D8-8D7C-E416B2C069D9}.Release|iPhone.ActiveCfg = Release|Any CPU
		{D31FBB12-E02B-48D8-8D7C-E416B2C069D9}.Release|iPhone.Build.0 = Release|Any CPU
		{D31FBB12-E02B-48D8-8D7C-E416B2C069D9}.Release|iPhone.Deploy.0 = Release|Any CPU
		{D31FBB12-E02B-48D8-8D7C-E416B2C069D9}.Release|iPhoneSimulator.ActiveCfg = Release|Any CPU
		{D31FBB12-E02B-48D8-8D7C-E416B2C069D9}.Release|iPhoneSimulator.Build.0 = Release|Any CPU
		{D31FBB12-E02B-48D8-8D7C-E416B2C069D9}.Release|iPhoneSimulator.Deploy.0 = Release|Any CPU
		{D31FBB12-E02B-48D8-8D7C-E416B2C069D9}.Release|x64.ActiveCfg = Release|Any CPU
		{D31FBB12-E02B-48D8-8D7C-E416B2C069D9}.Release|x64.Build.0 = Release|Any CPU
		{D31FBB12-E02B-48D8-8D7C-E416B2C069D9}.Release|x64.Deploy.0 = Release|Any CPU
		{D31FBB12-E02B-48D8-8D7C-E416B2C069D9}.Release|x86.ActiveCfg = Release|Any CPU
		{D31FBB12-E02B-48D8-8D7C-E416B2C069D9}.Release|x86.Build.0 = Release|Any CPU
		{D31FBB12-E02B-48D8-8D7C-E416B2C069D9}.Release|x86.Deploy.0 = Release|Any CPU
		{E544D86B-4630-4F60-ABDB-9F97F7AB5D38}.Debug|Any CPU.ActiveCfg = Debug|iPhone
		{E544D86B-4630-4F60-ABDB-9F97F7AB5D38}.Debug|Any CPU.Build.0 = Debug|iPhone
		{E544D86B-4630-4F60-ABDB-9F97F7AB5D38}.Debug|Any CPU.Deploy.0 = Debug|iPhone
		{E544D86B-4630-4F60-ABDB-9F97F7AB5D38}.Debug|ARM.ActiveCfg = Debug|iPhoneSimulator
		{E544D86B-4630-4F60-ABDB-9F97F7AB5D38}.Debug|ARM.Build.0 = Debug|iPhoneSimulator
		{E544D86B-4630-4F60-ABDB-9F97F7AB5D38}.Debug|ARM.Deploy.0 = Debug|iPhoneSimulator
		{E544D86B-4630-4F60-ABDB-9F97F7AB5D38}.Debug|iPhone.ActiveCfg = Debug|iPhone
		{E544D86B-4630-4F60-ABDB-9F97F7AB5D38}.Debug|iPhone.Build.0 = Debug|iPhone
		{E544D86B-4630-4F60-ABDB-9F97F7AB5D38}.Debug|iPhone.Deploy.0 = Debug|iPhone
		{E544D86B-4630-4F60-ABDB-9F97F7AB5D38}.Debug|iPhoneSimulator.ActiveCfg = Debug|iPhoneSimulator
		{E544D86B-4630-4F60-ABDB-9F97F7AB5D38}.Debug|iPhoneSimulator.Build.0 = Debug|iPhoneSimulator
		{E544D86B-4630-4F60-ABDB-9F97F7AB5D38}.Debug|iPhoneSimulator.Deploy.0 = Debug|iPhoneSimulator
		{E544D86B-4630-4F60-ABDB-9F97F7AB5D38}.Debug|x64.ActiveCfg = Debug|iPhone
		{E544D86B-4630-4F60-ABDB-9F97F7AB5D38}.Debug|x64.Build.0 = Debug|iPhone
		{E544D86B-4630-4F60-ABDB-9F97F7AB5D38}.Debug|x64.Deploy.0 = Debug|iPhone
		{E544D86B-4630-4F60-ABDB-9F97F7AB5D38}.Debug|x86.ActiveCfg = Debug|iPhone
		{E544D86B-4630-4F60-ABDB-9F97F7AB5D38}.Debug|x86.Build.0 = Debug|iPhone
		{E544D86B-4630-4F60-ABDB-9F97F7AB5D38}.Debug|x86.Deploy.0 = Debug|iPhone
		{E544D86B-4630-4F60-ABDB-9F97F7AB5D38}.Release|Any CPU.ActiveCfg = Release|iPhone
		{E544D86B-4630-4F60-ABDB-9F97F7AB5D38}.Release|Any CPU.Build.0 = Release|iPhone
		{E544D86B-4630-4F60-ABDB-9F97F7AB5D38}.Release|Any CPU.Deploy.0 = Release|iPhone
		{E544D86B-4630-4F60-ABDB-9F97F7AB5D38}.Release|ARM.ActiveCfg = Release|iPhone
		{E544D86B-4630-4F60-ABDB-9F97F7AB5D38}.Release|ARM.Build.0 = Release|iPhone
		{E544D86B-4630-4F60-ABDB-9F97F7AB5D38}.Release|ARM.Deploy.0 = Release|iPhone
		{E544D86B-4630-4F60-ABDB-9F97F7AB5D38}.Release|iPhone.ActiveCfg = Release|iPhone
		{E544D86B-4630-4F60-ABDB-9F97F7AB5D38}.Release|iPhone.Build.0 = Release|iPhone
		{E544D86B-4630-4F60-ABDB-9F97F7AB5D38}.Release|iPhone.Deploy.0 = Release|iPhone
		{E544D86B-4630-4F60-ABDB-9F97F7AB5D38}.Release|iPhoneSimulator.ActiveCfg = Release|iPhoneSimulator
		{E544D86B-4630-4F60-ABDB-9F97F7AB5D38}.Release|iPhoneSimulator.Build.0 = Release|iPhoneSimulator
		{E544D86B-4630-4F60-ABDB-9F97F7AB5D38}.Release|iPhoneSimulator.Deploy.0 = Release|iPhoneSimulator
		{E544D86B-4630-4F60-ABDB-9F97F7AB5D38}.Release|x64.ActiveCfg = Release|iPhone
		{E544D86B-4630-4F60-ABDB-9F97F7AB5D38}.Release|x64.Build.0 = Release|iPhone
		{E544D86B-4630-4F60-ABDB-9F97F7AB5D38}.Release|x64.Deploy.0 = Release|iPhone
		{E544D86B-4630-4F60-ABDB-9F97F7AB5D38}.Release|x86.ActiveCfg = Release|iPhone
		{E544D86B-4630-4F60-ABDB-9F97F7AB5D38}.Release|x86.Build.0 = Release|iPhone
		{E544D86B-4630-4F60-ABDB-9F97F7AB5D38}.Release|x86.Deploy.0 = Release|iPhone
		{5F4DF1AB-AA96-4381-A9E9-8FFD830B488F}.Debug|Any CPU.ActiveCfg = Debug|Any CPU
		{5F4DF1AB-AA96-4381-A9E9-8FFD830B488F}.Debug|Any CPU.Build.0 = Debug|Any CPU
		{5F4DF1AB-AA96-4381-A9E9-8FFD830B488F}.Debug|Any CPU.Deploy.0 = Debug|Any CPU
		{5F4DF1AB-AA96-4381-A9E9-8FFD830B488F}.Debug|ARM.ActiveCfg = Debug|Any CPU
		{5F4DF1AB-AA96-4381-A9E9-8FFD830B488F}.Debug|ARM.Build.0 = Debug|Any CPU
		{5F4DF1AB-AA96-4381-A9E9-8FFD830B488F}.Debug|ARM.Deploy.0 = Debug|Any CPU
		{5F4DF1AB-AA96-4381-A9E9-8FFD830B488F}.Debug|iPhone.ActiveCfg = Debug|Any CPU
		{5F4DF1AB-AA96-4381-A9E9-8FFD830B488F}.Debug|iPhone.Build.0 = Debug|Any CPU
		{5F4DF1AB-AA96-4381-A9E9-8FFD830B488F}.Debug|iPhone.Deploy.0 = Debug|Any CPU
		{5F4DF1AB-AA96-4381-A9E9-8FFD830B488F}.Debug|iPhoneSimulator.ActiveCfg = Debug|Any CPU
		{5F4DF1AB-AA96-4381-A9E9-8FFD830B488F}.Debug|iPhoneSimulator.Build.0 = Debug|Any CPU
		{5F4DF1AB-AA96-4381-A9E9-8FFD830B488F}.Debug|iPhoneSimulator.Deploy.0 = Debug|Any CPU
		{5F4DF1AB-AA96-4381-A9E9-8FFD830B488F}.Debug|x64.ActiveCfg = Debug|Any CPU
		{5F4DF1AB-AA96-4381-A9E9-8FFD830B488F}.Debug|x64.Build.0 = Debug|Any CPU
		{5F4DF1AB-AA96-4381-A9E9-8FFD830B488F}.Debug|x64.Deploy.0 = Debug|Any CPU
		{5F4DF1AB-AA96-4381-A9E9-8FFD830B488F}.Debug|x86.ActiveCfg = Debug|Any CPU
		{5F4DF1AB-AA96-4381-A9E9-8FFD830B488F}.Debug|x86.Build.0 = Debug|Any CPU
		{5F4DF1AB-AA96-4381-A9E9-8FFD830B488F}.Debug|x86.Deploy.0 = Debug|Any CPU
		{5F4DF1AB-AA96-4381-A9E9-8FFD830B488F}.Release|Any CPU.ActiveCfg = Release|Any CPU
		{5F4DF1AB-AA96-4381-A9E9-8FFD830B488F}.Release|Any CPU.Build.0 = Release|Any CPU
		{5F4DF1AB-AA96-4381-A9E9-8FFD830B488F}.Release|Any CPU.Deploy.0 = Release|Any CPU
		{5F4DF1AB-AA96-4381-A9E9-8FFD830B488F}.Release|ARM.ActiveCfg = Release|Any CPU
		{5F4DF1AB-AA96-4381-A9E9-8FFD830B488F}.Release|ARM.Build.0 = Release|Any CPU
		{5F4DF1AB-AA96-4381-A9E9-8FFD830B488F}.Release|ARM.Deploy.0 = Release|Any CPU
		{5F4DF1AB-AA96-4381-A9E9-8FFD830B488F}.Release|iPhone.ActiveCfg = Release|Any CPU
		{5F4DF1AB-AA96-4381-A9E9-8FFD830B488F}.Release|iPhone.Build.0 = Release|Any CPU
		{5F4DF1AB-AA96-4381-A9E9-8FFD830B488F}.Release|iPhone.Deploy.0 = Release|Any CPU
		{5F4DF1AB-AA96-4381-A9E9-8FFD830B488F}.Release|iPhoneSimulator.ActiveCfg = Release|Any CPU
		{5F4DF1AB-AA96-4381-A9E9-8FFD830B488F}.Release|iPhoneSimulator.Build.0 = Release|Any CPU
		{5F4DF1AB-AA96-4381-A9E9-8FFD830B488F}.Release|iPhoneSimulator.Deploy.0 = Release|Any CPU
		{5F4DF1AB-AA96-4381-A9E9-8FFD830B488F}.Release|x64.ActiveCfg = Release|Any CPU
		{5F4DF1AB-AA96-4381-A9E9-8FFD830B488F}.Release|x64.Build.0 = Release|Any CPU
		{5F4DF1AB-AA96-4381-A9E9-8FFD830B488F}.Release|x64.Deploy.0 = Release|Any CPU
		{5F4DF1AB-AA96-4381-A9E9-8FFD830B488F}.Release|x86.ActiveCfg = Release|Any CPU
		{5F4DF1AB-AA96-4381-A9E9-8FFD830B488F}.Release|x86.Build.0 = Release|Any CPU
		{5F4DF1AB-AA96-4381-A9E9-8FFD830B488F}.Release|x86.Deploy.0 = Release|Any CPU
	EndGlobalSection
	GlobalSection(SolutionProperties) = preSolution
		HideSolutionNode = FALSE
	EndGlobalSection
	GlobalSection(ExtensibilityGlobals) = postSolution
		SolutionGuid = {D90E615C-0705-4FAE-814C-CDAAD2DEE01C}
	EndGlobalSection
EndGlobal
